
Microsoft Visual Studio Solution File, Format Version 12.00
# Visual Studio 2013
VisualStudioVersion = 12.0.31101.0
MinimumVisualStudioVersion = 10.0.40219.1
Project("{FAE04EC0-301F-11D3-BF4B-00C04F79EFBC}") = "advapi32_controller", "advapi32_controller\advapi32_controller.csproj", "{18701CF1-3E13-41D8-BDAF-75B7CF8C69B4}"
EndProject
Global
	GlobalSection(SolutionConfigurationPlatforms) = preSolution
		Debug|Any CPU = Debug|Any CPU
		Release|Any CPU = Release|Any CPU
	EndGlobalSection
	GlobalSection(ProjectConfigurationPlatforms) = postSolution
		{18701CF1-3E13-41D8-BDAF-75B7CF8C69B4}.Debug|Any CPU.ActiveCfg = Debug|Any CPU
		{18701CF1-3E13-41D8-BDAF-75B7CF8C69B4}.Debug|Any CPU.Build.0 = Debug|Any CPU
		{18701CF1-3E13-41D8-BDAF-75B7CF8C69B4}.Release|Any CPU.ActiveCfg = Release|Any CPU
		{18701CF1-3E13-41D8-BDAF-75B7CF8C69B4}.Release|Any CPU.Build.0 = Release|Any CPU
	EndGlobalSection
	GlobalSection(SolutionProperties) = preSolution
		HideSolutionNode = FALSE
	EndGlobalSection
EndGlobal
