
Microsoft Visual Studio Solution File, Format Version 12.00
# Visual Studio 2013
VisualStudioVersion = 12.0.31101.0
MinimumVisualStudioVersion = 10.0.40219.1
Project("{FAE04EC0-301F-11D3-BF4B-00C04F79EFBC}") = "MarshalUtil", "MarshalUtil\MarshalUtil.csproj", "{CD089931-B099-462C-8956-C73B06501656}"
	ProjectSection(ProjectDependencies) = postProject
		{41D634C1-627E-4DC4-8878-8BC486CA0B81} = {41D634C1-627E-4DC4-8878-8BC486CA0B81}
	EndProjectSection
EndProject
Project("{FAE04EC0-301F-11D3-BF4B-00C04F79EFBC}") = "eveMarshal", "eveMarshal\eveMarshal.csproj", "{41D634C1-627E-4DC4-8878-8BC486CA0B81}"
EndProject
Global
	GlobalSection(SolutionConfigurationPlatforms) = preSolution
		Debug|Any CPU = Debug|Any CPU
		Release|Any CPU = Release|Any CPU
	EndGlobalSection
	GlobalSection(ProjectConfigurationPlatforms) = postSolution
		{CD089931-B099-462C-8956-C73B06501656}.Debug|Any CPU.ActiveCfg = Debug|Any CPU
		{CD089931-B099-462C-8956-C73B06501656}.Debug|Any CPU.Build.0 = Debug|Any CPU
		{CD089931-B099-462C-8956-C73B06501656}.Release|Any CPU.ActiveCfg = Release|Any CPU
		{CD089931-B099-462C-8956-C73B06501656}.Release|Any CPU.Build.0 = Release|Any CPU
		{41D634C1-627E-4DC4-8878-8BC486CA0B81}.Debug|Any CPU.ActiveCfg = Debug|Any CPU
		{41D634C1-627E-4DC4-8878-8BC486CA0B81}.Debug|Any CPU.Build.0 = Debug|Any CPU
		{41D634C1-627E-4DC4-8878-8BC486CA0B81}.Release|Any CPU.ActiveCfg = Release|Any CPU
		{41D634C1-627E-4DC4-8878-8BC486CA0B81}.Release|Any CPU.Build.0 = Release|Any CPU
	EndGlobalSection
	GlobalSection(SolutionProperties) = preSolution
		HideSolutionNode = FALSE
	EndGlobalSection
EndGlobal
